<?xml version="1.0" encoding="utf-8"?>
<Project ToolsVersion="4.0" xmlns="http://schemas.microsoft.com/developer/msbuild/2003">
  <ItemGroup>
    <ClCompile Include="..\src\Strm.cpp">
      <Filter>Strm</Filter>
    </ClCompile>
    <ClCompile Include="..\src\StrmRdr.cpp">
      <Filter>Strm\StrmRdr</Filter>
    </ClCompile>
    <ClCompile Include="..\src\StrmWtr.cpp">
      <Filter>Strm\StrmWtr</Filter>
    </ClCompile>
    <ClCompile Include="..\src\TarUncook.cpp">
      <Filter>TarCook\TarUncook</Filter>
    </ClCompile>
    <ClCompile Include="..\src\main.cpp">
      <Filter>Demo</Filter>
    </ClCompile>
    <ClCompile Include="..\src\Tar.cpp">
      <Filter>TarCook\Structs</Filter>
    </ClCompile>
    <ClCompile Include="..\src\TarCookFile.cpp">
      <Filter>TarCook\TarCookFile</Filter>
    </ClCompile>
    <ClCompile Include="..\src\TarCook.cpp">
      <Filter>TarCook</Filter>
    </ClCompile>
    <ClCompile Include="..\src\TarCookMem.cpp">
      <Filter>TarCook\TarCookMem</Filter>
    </ClCompile>
  </ItemGroup>
  <ItemGroup>
    <ClInclude Include="..\src\Tartar.h" />
    <ClInclude Include="..\src\Strm.h">
      <Filter>Strm</Filter>
    </ClInclude>
    <ClInclude Include="..\src\StrmRdr.h">
      <Filter>Strm\StrmRdr</Filter>
    </ClInclude>
    <ClInclude Include="..\src\StrmWtr.h">
      <Filter>Strm\StrmWtr</Filter>
    </ClInclude>
    <ClInclude Include="..\src\TarUncook.h">
      <Filter>TarCook\TarUncook</Filter>
    </ClInclude>
    <ClInclude Include="..\src\Tar.h">
      <Filter>TarCook\Structs</Filter>
    </ClInclude>
    <ClInclude Include="..\src\UStar.h">
      <Filter>TarCook\Structs</Filter>
    </ClInclude>
    <ClInclude Include="..\src\TarCookFile.h">
      <Filter>TarCook\TarCookFile</Filter>
    </ClInclude>
    <ClInclude Include="..\src\TarCook.h">
      <Filter>TarCook</Filter>
    </ClInclude>
    <ClInclude Include="..\src\TarCookMem.h">
      <Filter>TarCook\TarCookMem</Filter>
    </ClInclude>
  </ItemGroup>
  <ItemGroup>
    <Filter Include="Strm">
      <UniqueIdentifier>{c6b5406a-12b9-4948-a715-cf1ad85565d5}</UniqueIdentifier>
    </Filter>
    <Filter Include="Strm\StrmRdr">
      <UniqueIdentifier>{c3c39834-3c5f-4988-8fa0-93485422874f}</UniqueIdentifier>
    </Filter>
    <Filter Include="Strm\StrmWtr">
      <UniqueIdentifier>{4d3c8f16-e44b-4a56-9868-f8d1bced724d}</UniqueIdentifier>
    </Filter>
    <Filter Include="Demo">
      <UniqueIdentifier>{66cc437a-bb7c-4148-b8e0-a2d82f233adb}</UniqueIdentifier>
    </Filter>
    <Filter Include="Demo\Fröding">
      <UniqueIdentifier>{aa9f73f4-5080-44b6-a25b-58be29de0dbc}</UniqueIdentifier>
    </Filter>
    <Filter Include="TarCook">
      <UniqueIdentifier>{20f32a59-6239-4bd0-bcbb-38d2c724cf06}</UniqueIdentifier>
    </Filter>
    <Filter Include="TarCook\TarUncook">
      <UniqueIdentifier>{672cd622-e58b-446e-85e3-a2d42c9cf730}</UniqueIdentifier>
    </Filter>
    <Filter Include="TarCook\Structs">
      <UniqueIdentifier>{da110fb5-3fe6-4d71-b8f8-4deb0bba3f08}</UniqueIdentifier>
    </Filter>
    <Filter Include="TarCook\TarCookFile">
      <UniqueIdentifier>{04b70a16-b02d-42d1-a8c7-431d9c8d4c36}</UniqueIdentifier>
    </Filter>
    <Filter Include="TarCook\TarCookMem">
      <UniqueIdentifier>{b9728aed-4f0e-4a28-882c-c14569d4aaf3}</UniqueIdentifier>
    </Filter>
  </ItemGroup>
  <ItemGroup>
    <Text Include="..\demo1.txt">
      <Filter>Demo\Fröding</Filter>
    </Text>
    <Text Include="..\demo2.txt">
      <Filter>Demo\Fröding</Filter>
    </Text>
    <Text Include="..\demo3.txt">
      <Filter>Demo\Fröding</Filter>
    </Text>
    <Text Include="..\demo4.txt">
      <Filter>Demo\Fröding</Filter>
    </Text>
    <Text Include="..\demo5.txt">
      <Filter>Demo\Fröding</Filter>
    </Text>
  </ItemGroup>
</Project>